
Microsoft Visual Studio Solution File, Format Version 12.00
# Visual Studio Version 17
VisualStudioVersion = 17.0.31903.59
MinimumVisualStudioVersion = 10.0.40219.1
Project("{2150E333-8FDC-42A3-9474-1A3956D46DE8}") = "src", "src", "{827E0CD3-B72D-47B6-A68D-7590B98EB39B}"
EndProject
Project("{FAE04EC0-301F-11D3-BF4B-00C04F79EFBC}") = "InventoryManagement.Shared", "src\InventoryManagement.Shared\InventoryManagement.Shared.csproj", "{90FC0FE1-3556-4536-95A1-37D57E711256}"
EndProject
Project("{FAE04EC0-301F-11D3-BF4B-00C04F79EFBC}") = "InventoryManagement.Api", "src\InventoryManagement.Api\InventoryManagement.Api.csproj", "{8C786EFD-BC96-4959-B7C0-72DBD89AED34}"
EndProject
Project("{FAE04EC0-301F-11D3-BF4B-00C04F79EFBC}") = "InventoryManagement.Client", "src\InventoryManagement.Client\InventoryManagement.Client.csproj", "{1C679830-C0F1-4775-8C5E-BC6397486218}"
EndProject
Global
	GlobalSection(SolutionConfigurationPlatforms) = preSolution
		Debug|Any CPU = Debug|Any CPU
		Debug|x64 = Debug|x64
		Debug|x86 = Debug|x86
		Release|Any CPU = Release|Any CPU
		Release|x64 = Release|x64
		Release|x86 = Release|x86
	EndGlobalSection
	GlobalSection(ProjectConfigurationPlatforms) = postSolution
		{90FC0FE1-3556-4536-95A1-37D57E711256}.Debug|Any CPU.ActiveCfg = Debug|Any CPU
		{90FC0FE1-3556-4536-95A1-37D57E711256}.Debug|Any CPU.Build.0 = Debug|Any CPU
		{90FC0FE1-3556-4536-95A1-37D57E711256}.Debug|x64.ActiveCfg = Debug|Any CPU
		{90FC0FE1-3556-4536-95A1-37D57E711256}.Debug|x64.Build.0 = Debug|Any CPU
		{90FC0FE1-3556-4536-95A1-37D57E711256}.Debug|x86.ActiveCfg = Debug|Any CPU
		{90FC0FE1-3556-4536-95A1-37D57E711256}.Debug|x86.Build.0 = Debug|Any CPU
		{90FC0FE1-3556-4536-95A1-37D57E711256}.Release|Any CPU.ActiveCfg = Release|Any CPU
		{90FC0FE1-3556-4536-95A1-37D57E711256}.Release|Any CPU.Build.0 = Release|Any CPU
		{90FC0FE1-3556-4536-95A1-37D57E711256}.Release|x64.ActiveCfg = Release|Any CPU
		{90FC0FE1-3556-4536-95A1-37D57E711256}.Release|x64.Build.0 = Release|Any CPU
		{90FC0FE1-3556-4536-95A1-37D57E711256}.Release|x86.ActiveCfg = Release|Any CPU
		{90FC0FE1-3556-4536-95A1-37D57E711256}.Release|x86.Build.0 = Release|Any CPU
		{8C786EFD-BC96-4959-B7C0-72DBD89AED34}.Debug|Any CPU.ActiveCfg = Debug|Any CPU
		{8C786EFD-BC96-4959-B7C0-72DBD89AED34}.Debug|Any CPU.Build.0 = Debug|Any CPU
		{8C786EFD-BC96-4959-B7C0-72DBD89AED34}.Debug|x64.ActiveCfg = Debug|Any CPU
		{8C786EFD-BC96-4959-B7C0-72DBD89AED34}.Debug|x64.Build.0 = Debug|Any CPU
		{8C786EFD-BC96-4959-B7C0-72DBD89AED34}.Debug|x86.ActiveCfg = Debug|Any CPU
		{8C786EFD-BC96-4959-B7C0-72DBD89AED34}.Debug|x86.Build.0 = Debug|Any CPU
		{8C786EFD-BC96-4959-B7C0-72DBD89AED34}.Release|Any CPU.ActiveCfg = Release|Any CPU
		{8C786EFD-BC96-4959-B7C0-72DBD89AED34}.Release|Any CPU.Build.0 = Release|Any CPU
		{8C786EFD-BC96-4959-B7C0-72DBD89AED34}.Release|x64.ActiveCfg = Release|Any CPU
		{8C786EFD-BC96-4959-B7C0-72DBD89AED34}.Release|x64.Build.0 = Release|Any CPU
		{8C786EFD-BC96-4959-B7C0-72DBD89AED34}.Release|x86.ActiveCfg = Release|Any CPU
		{8C786EFD-BC96-4959-B7C0-72DBD89AED34}.Release|x86.Build.0 = Release|Any CPU
		{1C679830-C0F1-4775-8C5E-BC6397486218}.Debug|Any CPU.ActiveCfg = Debug|Any CPU
		{1C679830-C0F1-4775-8C5E-BC6397486218}.Debug|Any CPU.Build.0 = Debug|Any CPU
		{1C679830-C0F1-4775-8C5E-BC6397486218}.Debug|x64.ActiveCfg = Debug|Any CPU
		{1C679830-C0F1-4775-8C5E-BC6397486218}.Debug|x64.Build.0 = Debug|Any CPU
		{1C679830-C0F1-4775-8C5E-BC6397486218}.Debug|x86.ActiveCfg = Debug|Any CPU
		{1C679830-C0F1-4775-8C5E-BC6397486218}.Debug|x86.Build.0 = Debug|Any CPU
		{1C679830-C0F1-4775-8C5E-BC6397486218}.Release|Any CPU.ActiveCfg = Release|Any CPU
		{1C679830-C0F1-4775-8C5E-BC6397486218}.Release|Any CPU.Build.0 = Release|Any CPU
		{1C679830-C0F1-4775-8C5E-BC6397486218}.Release|x64.ActiveCfg = Release|Any CPU
		{1C679830-C0F1-4775-8C5E-BC6397486218}.Release|x64.Build.0 = Release|Any CPU
		{1C679830-C0F1-4775-8C5E-BC6397486218}.Release|x86.ActiveCfg = Release|Any CPU
		{1C679830-C0F1-4775-8C5E-BC6397486218}.Release|x86.Build.0 = Release|Any CPU
	EndGlobalSection
	GlobalSection(SolutionProperties) = preSolution
		HideSolutionNode = FALSE
	EndGlobalSection
	GlobalSection(NestedProjects) = preSolution
		{90FC0FE1-3556-4536-95A1-37D57E711256} = {827E0CD3-B72D-47B6-A68D-7590B98EB39B}
		{8C786EFD-BC96-4959-B7C0-72DBD89AED34} = {827E0CD3-B72D-47B6-A68D-7590B98EB39B}
		{1C679830-C0F1-4775-8C5E-BC6397486218} = {827E0CD3-B72D-47B6-A68D-7590B98EB39B}
	EndGlobalSection
EndGlobal
